
Microsoft Visual Studio Solution File, Format Version 12.00
# Visual Studio Version 16
VisualStudioVersion = 16.0.29424.173
MinimumVisualStudioVersion = 10.0.40219.1
Project("{FAE04EC0-301F-11D3-BF4B-00C04F79EFBC}") = "NOHotels_A4", "NOHotels_A4.csproj", "{E148A825-073E-46F5-831C-36767DA37013}"
EndProject
Global
	GlobalSection(SolutionConfigurationPlatforms) = preSolution
		Debug|Any CPU = Debug|Any CPU
		Release|Any CPU = Release|Any CPU
	EndGlobalSection
	GlobalSection(ProjectConfigurationPlatforms) = postSolution
		{E148A825-073E-46F5-831C-36767DA37013}.Debug|Any CPU.ActiveCfg = Debug|Any CPU
		{E148A825-073E-46F5-831C-36767DA37013}.Debug|Any CPU.Build.0 = Debug|Any CPU
		{E148A825-073E-46F5-831C-36767DA37013}.Release|Any CPU.ActiveCfg = Release|Any CPU
		{E148A825-073E-46F5-831C-36767DA37013}.Release|Any CPU.Build.0 = Release|Any CPU
	EndGlobalSection
	GlobalSection(SolutionProperties) = preSolution
		HideSolutionNode = FALSE
	EndGlobalSection
	GlobalSection(ExtensibilityGlobals) = postSolution
		SolutionGuid = {B5769B55-C99B-4A5D-A8BC-556093214BBA}
	EndGlobalSection
EndGlobal
